// !$*UTF8*$!
{
	archiveVersion = 1;
	classes = {
	};
	objectVersion = 46;
	objects = {

/* Begin PBXBuildFile section */
		5D0B1732A0FE2618C49208A1 /* Pods_The_Fitteds.framework in Frameworks */ = {isa = PBXBuildFile; fileRef = A8926E6DC408BD47E810EDB9 /* Pods_The_Fitteds.framework */; };
		F775C22E1C9EE9FD00725087 /* Hats.swift in Sources */ = {isa = PBXBuildFile; fileRef = F775C22D1C9EE9FD00725087 /* Hats.swift */; };
		F775C2321C9F2E2C00725087 /* Jaapokki-Regular.otf in Resources */ = {isa = PBXBuildFile; fileRef = F775C2311C9F2E2C00725087 /* Jaapokki-Regular.otf */; };
		F7877D2F1C8B3E07006FD25F /* AppDelegate.swift in Sources */ = {isa = PBXBuildFile; fileRef = F7877D2E1C8B3E07006FD25F /* AppDelegate.swift */; };
		F7877D331C8B3E07006FD25F /* FavsViewController.swift in Sources */ = {isa = PBXBuildFile; fileRef = F7877D321C8B3E07006FD25F /* FavsViewController.swift */; };
		F7877D361C8B3E07006FD25F /* Main.storyboard in Resources */ = {isa = PBXBuildFile; fileRef = F7877D341C8B3E07006FD25F /* Main.storyboard */; };
		F7877D381C8B3E07006FD25F /* Assets.xcassets in Resources */ = {isa = PBXBuildFile; fileRef = F7877D371C8B3E07006FD25F /* Assets.xcassets */; };
		F7877D3B1C8B3E07006FD25F /* LaunchScreen.storyboard in Resources */ = {isa = PBXBuildFile; fileRef = F7877D391C8B3E07006FD25F /* LaunchScreen.storyboard */; };
		F7877D491C8B4BBB006FD25F /* HatListTableViewController.swift in Sources */ = {isa = PBXBuildFile; fileRef = F7877D481C8B4BBB006FD25F /* HatListTableViewController.swift */; };
		F7877D4D1C8B5DA5006FD25F /* HatTableViewCell.swift in Sources */ = {isa = PBXBuildFile; fileRef = F7877D4C1C8B5DA5006FD25F /* HatTableViewCell.swift */; };
		F7CB8FA61C8B733B00C2B635 /* helmock-script.ttf in Resources */ = {isa = PBXBuildFile; fileRef = F7CB8FA51C8B733B00C2B635 /* helmock-script.ttf */; };
		F7CB8FAA1C8B84B000C2B635 /* ProfileViewController.swift in Sources */ = {isa = PBXBuildFile; fileRef = F7CB8FA91C8B84B000C2B635 /* ProfileViewController.swift */; };
		F7CB8FAC1C8B84C200C2B635 /* SettingsViewController.swift in Sources */ = {isa = PBXBuildFile; fileRef = F7CB8FAB1C8B84C200C2B635 /* SettingsViewController.swift */; };
/* End PBXBuildFile section */

/* Begin PBXFileReference section */
		70A42CD04AFA5AF851679C34 /* Pods-The Fitteds.debug.xcconfig */ = {isa = PBXFileReference; includeInIndex = 1; lastKnownFileType = text.xcconfig; name = "Pods-The Fitteds.debug.xcconfig"; path = "Pods/Target Support Files/Pods-The Fitteds/Pods-The Fitteds.debug.xcconfig"; sourceTree = "<group>"; };
		A8926E6DC408BD47E810EDB9 /* Pods_The_Fitteds.framework */ = {isa = PBXFileReference; explicitFileType = wrapper.framework; includeInIndex = 0; path = Pods_The_Fitteds.framework; sourceTree = BUILT_PRODUCTS_DIR; };
		DBF765A928B9DE95059C8D83 /* Pods-The Fitteds.release.xcconfig */ = {isa = PBXFileReference; includeInIndex = 1; lastKnownFileType = text.xcconfig; name = "Pods-The Fitteds.release.xcconfig"; path = "Pods/Target Support Files/Pods-The Fitteds/Pods-The Fitteds.release.xcconfig"; sourceTree = "<group>"; };
		F775C22D1C9EE9FD00725087 /* Hats.swift */ = {isa = PBXFileReference; fileEncoding = 4; lastKnownFileType = sourcecode.swift; path = Hats.swift; sourceTree = "<group>"; };
		F775C2311C9F2E2C00725087 /* Jaapokki-Regular.otf */ = {isa = PBXFileReference; lastKnownFileType = file; path = "Jaapokki-Regular.otf"; sourceTree = "<group>"; };
		F7877D2B1C8B3E07006FD25F /* The Fitteds.app */ = {isa = PBXFileReference; explicitFileType = wrapper.application; includeInIndex = 0; path = "The Fitteds.app"; sourceTree = BUILT_PRODUCTS_DIR; };
		F7877D2E1C8B3E07006FD25F /* AppDelegate.swift */ = {isa = PBXFileReference; lastKnownFileType = sourcecode.swift; path = AppDelegate.swift; sourceTree = "<group>"; };
		F7877D321C8B3E07006FD25F /* FavsViewController.swift */ = {isa = PBXFileReference; lastKnownFileType = sourcecode.swift; path = FavsViewController.swift; sourceTree = "<group>"; };
		F7877D351C8B3E07006FD25F /* Base */ = {isa = PBXFileReference; lastKnownFileType = file.storyboard; name = Base; path = Base.lproj/Main.storyboard; sourceTree = "<group>"; };
		F7877D371C8B3E07006FD25F /* Assets.xcassets */ = {isa = PBXFileReference; lastKnownFileType = folder.assetcatalog; path = Assets.xcassets; sourceTree = "<group>"; };
		F7877D3A1C8B3E07006FD25F /* Base */ = {isa = PBXFileReference; lastKnownFileType = file.storyboard; name = Base; path = Base.lproj/LaunchScreen.storyboard; sourceTree = "<group>"; };
		F7877D3C1C8B3E07006FD25F /* Info.plist */ = {isa = PBXFileReference; lastKnownFileType = text.plist.xml; path = Info.plist; sourceTree = "<group>"; };
		F7877D481C8B4BBB006FD25F /* HatListTableViewController.swift */ = {isa = PBXFileReference; fileEncoding = 4; lastKnownFileType = sourcecode.swift; path = HatListTableViewController.swift; sourceTree = "<group>"; };
		F7877D4C1C8B5DA5006FD25F /* HatTableViewCell.swift */ = {isa = PBXFileReference; fileEncoding = 4; lastKnownFileType = sourcecode.swift; path = HatTableViewCell.swift; sourceTree = "<group>"; };
		F7CB8FA51C8B733B00C2B635 /* helmock-script.ttf */ = {isa = PBXFileReference; lastKnownFileType = file; path = "helmock-script.ttf"; sourceTree = "<group>"; };
		F7CB8FA91C8B84B000C2B635 /* ProfileViewController.swift */ = {isa = PBXFileReference; fileEncoding = 4; lastKnownFileType = sourcecode.swift; name = ProfileViewController.swift; path = ../ProfileViewController.swift; sourceTree = "<group>"; };
		F7CB8FAB1C8B84C200C2B635 /* SettingsViewController.swift */ = {isa = PBXFileReference; fileEncoding = 4; lastKnownFileType = sourcecode.swift; path = SettingsViewController.swift; sourceTree = "<group>"; };
/* End PBXFileReference section */

/* Begin PBXFrameworksBuildPhase section */
		F7877D281C8B3E07006FD25F /* Frameworks */ = {
			isa = PBXFrameworksBuildPhase;
			buildActionMask = 2147483647;
			files = (
				5D0B1732A0FE2618C49208A1 /* Pods_The_Fitteds.framework in Frameworks */,
			);
			runOnlyForDeploymentPostprocessing = 0;
		};
/* End PBXFrameworksBuildPhase section */

/* Begin PBXGroup section */
		31362E687A3894BB3463B9D2 /* Frameworks */ = {
			isa = PBXGroup;
			children = (
				A8926E6DC408BD47E810EDB9 /* Pods_The_Fitteds.framework */,
			);
			name = Frameworks;
			sourceTree = "<group>";
		};
		ACD960346FC39EE68C65F979 /* Pods */ = {
			isa = PBXGroup;
			children = (
				70A42CD04AFA5AF851679C34 /* Pods-The Fitteds.debug.xcconfig */,
				DBF765A928B9DE95059C8D83 /* Pods-The Fitteds.release.xcconfig */,
			);
			name = Pods;
			sourceTree = "<group>";
		};
		F775C22C1C9EE89800725087 /* Fonts */ = {
			isa = PBXGroup;
			children = (
				F775C2311C9F2E2C00725087 /* Jaapokki-Regular.otf */,
				F7CB8FA51C8B733B00C2B635 /* helmock-script.ttf */,
			);
			name = Fonts;
			sourceTree = "<group>";
		};
		F7877D221C8B3E07006FD25F = {
			isa = PBXGroup;
			children = (
				F7877D2D1C8B3E07006FD25F /* The Fitteds */,
				F7877D2C1C8B3E07006FD25F /* Products */,
				ACD960346FC39EE68C65F979 /* Pods */,
				31362E687A3894BB3463B9D2 /* Frameworks */,
			);
			sourceTree = "<group>";
		};
		F7877D2C1C8B3E07006FD25F /* Products */ = {
			isa = PBXGroup;
			children = (
				F7877D2B1C8B3E07006FD25F /* The Fitteds.app */,
			);
			name = Products;
			sourceTree = "<group>";
		};
		F7877D2D1C8B3E07006FD25F /* The Fitteds */ = {
			isa = PBXGroup;
			children = (
				F775C22C1C9EE89800725087 /* Fonts */,
				F7CB8FA91C8B84B000C2B635 /* ProfileViewController.swift */,
				F7CB8FAB1C8B84C200C2B635 /* SettingsViewController.swift */,
				F7877D481C8B4BBB006FD25F /* HatListTableViewController.swift */,
				F7877D4C1C8B5DA5006FD25F /* HatTableViewCell.swift */,
				F775C22D1C9EE9FD00725087 /* Hats.swift */,
				F7877D2E1C8B3E07006FD25F /* AppDelegate.swift */,
				F7877D321C8B3E07006FD25F /* FavsViewController.swift */,
				F7877D341C8B3E07006FD25F /* Main.storyboard */,
				F7877D371C8B3E07006FD25F /* Assets.xcassets */,
				F7877D391C8B3E07006FD25F /* LaunchScreen.storyboard */,
				F7877D3C1C8B3E07006FD25F /* Info.plist */,
			);
			path = "The Fitteds";
			sourceTree = "<group>";
		};
/* End PBXGroup section */

/* Begin PBXNativeTarget section */
		F7877D2A1C8B3E07006FD25F /* The Fitteds */ = {
			isa = PBXNativeTarget;
			buildConfigurationList = F7877D3F1C8B3E07006FD25F /* Build configuration list for PBXNativeTarget "The Fitteds" */;
			buildPhases = (
				889C33B36417ED1F0C61479B /* Check Pods Manifest.lock */,
				F7877D271C8B3E07006FD25F /* Sources */,
				F7877D281C8B3E07006FD25F /* Frameworks */,
				F7877D291C8B3E07006FD25F /* Resources */,
				BD8D40B0CDE685390009D7A9 /* Embed Pods Frameworks */,
				2F1DD68850713673B6E1D79E /* Copy Pods Resources */,
			);
			buildRules = (
			);
			dependencies = (
			);
			name = "The Fitteds";
			productName = "The Fitteds";
			productReference = F7877D2B1C8B3E07006FD25F /* The Fitteds.app */;
			productType = "com.apple.product-type.application";
		};
/* End PBXNativeTarget section */

/* Begin PBXProject section */
		F7877D231C8B3E07006FD25F /* Project object */ = {
			isa = PBXProject;
			attributes = {
				LastSwiftUpdateCheck = 0720;
				LastUpgradeCheck = 0720;
				ORGANIZATIONNAME = "Kyle Noble";
				TargetAttributes = {
					F7877D2A1C8B3E07006FD25F = {
						CreatedOnToolsVersion = 7.2.1;
						DevelopmentTeam = 38VBWWRQTN;
					};
				};
			};
			buildConfigurationList = F7877D261C8B3E07006FD25F /* Build configuration list for PBXProject "The Fitteds" */;
			compatibilityVersion = "Xcode 3.2";
			developmentRegion = English;
			hasScannedForEncodings = 0;
			knownRegions = (
				en,
				Base,
			);
			mainGroup = F7877D221C8B3E07006FD25F;
			productRefGroup = F7877D2C1C8B3E07006FD25F /* Products */;
			projectDirPath = "";
			projectRoot = "";
			targets = (
				F7877D2A1C8B3E07006FD25F /* The Fitteds */,
			);
		};
/* End PBXProject section */

/* Begin PBXResourcesBuildPhase section */
		F7877D291C8B3E07006FD25F /* Resources */ = {
			isa = PBXResourcesBuildPhase;
			buildActionMask = 2147483647;
			files = (
				F7877D3B1C8B3E07006FD25F /* LaunchScreen.storyboard in Resources */,
				F7877D381C8B3E07006FD25F /* Assets.xcassets in Resources */,
				F775C2321C9F2E2C00725087 /* Jaapokki-Regular.otf in Resources */,
				F7877D361C8B3E07006FD25F /* Main.storyboard in Resources */,
				F7CB8FA61C8B733B00C2B635 /* helmock-script.ttf in Resources */,
			);
			runOnlyForDeploymentPostprocessing = 0;
		};
/* End PBXResourcesBuildPhase section */

/* Begin PBXShellScriptBuildPhase section */
		2F1DD68850713673B6E1D79E /* Copy Pods Resources */ = {
			isa = PBXShellScriptBuildPhase;
			buildActionMask = 2147483647;
			files = (
			);
			inputPaths = (
			);
			name = "Copy Pods Resources";
			outputPaths = (
			);
			runOnlyForDeploymentPostprocessing = 0;
			shellPath = /bin/sh;
			shellScript = "\"${SRCROOT}/Pods/Target Support Files/Pods-The Fitteds/Pods-The Fitteds-resources.sh\"\n";
			showEnvVarsInLog = 0;
		};
		889C33B36417ED1F0C61479B /* Check Pods Manifest.lock */ = {
			isa = PBXShellScriptBuildPhase;
			buildActionMask = 2147483647;
			files = (
			);
			inputPaths = (
			);
			name = "Check Pods Manifest.lock";
			outputPaths = (
			);
			runOnlyForDeploymentPostprocessing = 0;
			shellPath = /bin/sh;
			shellScript = "diff \"${PODS_ROOT}/../Podfile.lock\" \"${PODS_ROOT}/Manifest.lock\" > /dev/null\nif [[ $? != 0 ]] ; then\n    cat << EOM\nerror: The sandbox is not in sync with the Podfile.lock. Run 'pod install' or update your CocoaPods installation.\nEOM\n    exit 1\nfi\n";
			showEnvVarsInLog = 0;
		};
		BD8D40B0CDE685390009D7A9 /* Embed Pods Frameworks */ = {
			isa = PBXShellScriptBuildPhase;
			buildActionMask = 2147483647;
			files = (
			);
			inputPaths = (
			);
			name = "Embed Pods Frameworks";
			outputPaths = (
			);
			runOnlyForDeploymentPostprocessing = 0;
			shellPath = /bin/sh;
			shellScript = "\"${SRCROOT}/Pods/Target Support Files/Pods-The Fitteds/Pods-The Fitteds-frameworks.sh\"\n";
			showEnvVarsInLog = 0;
		};
/* End PBXShellScriptBuildPhase section */

/* Begin PBXSourcesBuildPhase section */
		F7877D271C8B3E07006FD25F /* Sources */ = {
			isa = PBXSourcesBuildPhase;
			buildActionMask = 2147483647;
			files = (
				F7CB8FAA1C8B84B000C2B635 /* ProfileViewController.swift in Sources */,
				F7877D4D1C8B5DA5006FD25F /* HatTableViewCell.swift in Sources */,
				F7CB8FAC1C8B84C200C2B635 /* SettingsViewController.swift in Sources */,
				F7877D331C8B3E07006FD25F /* FavsViewController.swift in Sources */,
				F775C22E1C9EE9FD00725087 /* Hats.swift in Sources */,
				F7877D2F1C8B3E07006FD25F /* AppDelegate.swift in Sources */,
				F7877D491C8B4BBB006FD25F /* HatListTableViewController.swift in Sources */,
			);
			runOnlyForDeploymentPostprocessing = 0;
		};
/* End PBXSourcesBuildPhase section */

/* Begin PBXVariantGroup section */
		F7877D341C8B3E07006FD25F /* Main.storyboard */ = {
			isa = PBXVariantGroup;
			children = (
				F7877D351C8B3E07006FD25F /* Base */,
			);
			name = Main.storyboard;
			sourceTree = "<group>";
		};
		F7877D391C8B3E07006FD25F /* LaunchScreen.storyboard */ = {
			isa = PBXVariantGroup;
			children = (
				F7877D3A1C8B3E07006FD25F /* Base */,
			);
			name = LaunchScreen.storyboard;
			sourceTree = "<group>";
		};
/* End PBXVariantGroup section */

/* Begin XCBuildConfiguration section */
		F7877D3D1C8B3E07006FD25F /* Debug */ = {
			isa = XCBuildConfiguration;
			buildSettings = {
				ALWAYS_SEARCH_USER_PATHS = NO;
				CLANG_CXX_LANGUAGE_STANDARD = "gnu++0x";
				CLANG_CXX_LIBRARY = "libc++";
				CLANG_ENABLE_MODULES = YES;
				CLANG_ENABLE_OBJC_ARC = YES;
				CLANG_WARN_BOOL_CONVERSION = YES;
				CLANG_WARN_CONSTANT_CONVERSION = YES;
				CLANG_WARN_DIRECT_OBJC_ISA_USAGE = YES_ERROR;
				CLANG_WARN_EMPTY_BODY = YES;
				CLANG_WARN_ENUM_CONVERSION = YES;
				CLANG_WARN_INT_CONVERSION = YES;
				CLANG_WARN_OBJC_ROOT_CLASS = YES_ERROR;
				CLANG_WARN_UNREACHABLE_CODE = YES;
				CLANG_WARN__DUPLICATE_METHOD_MATCH = YES;
				"CODE_SIGN_IDENTITY[sdk=iphoneos*]" = "iPhone Developer";
				COPY_PHASE_STRIP = NO;
				DEBUG_INFORMATION_FORMAT = dwarf;
				ENABLE_STRICT_OBJC_MSGSEND = YES;
				ENABLE_TESTABILITY = YES;
				GCC_C_LANGUAGE_STANDARD = gnu99;
				GCC_DYNAMIC_NO_PIC = NO;
				GCC_NO_COMMON_BLOCKS = YES;
				GCC_OPTIMIZATION_LEVEL = 0;
				GCC_PREPROCESSOR_DEFINITIONS = (
					"DEBUG=1",
					"$(inherited)",
				);
				GCC_WARN_64_TO_32_BIT_CONVERSION = YES;
				GCC_WARN_ABOUT_RETURN_TYPE = YES_ERROR;
				GCC_WARN_UNDECLARED_SELECTOR = YES;
				GCC_WARN_UNINITIALIZED_AUTOS = YES_AGGRESSIVE;
				GCC_WARN_UNUSED_FUNCTION = YES;
				GCC_WARN_UNUSED_VARIABLE = YES;
				IPHONEOS_DEPLOYMENT_TARGET = 9.2;
				MTL_ENABLE_DEBUG_INFO = YES;
				ONLY_ACTIVE_ARCH = YES;
				SDKROOT = iphoneos;
				SWIFT_OPTIMIZATION_LEVEL = "-Onone";
				TARGETED_DEVICE_FAMILY = "1,2";
			};
			name = Debug;
		};
		F7877D3E1C8B3E07006FD25F /* Release */ = {
			isa = XCBuildConfiguration;
			buildSettings = {
				ALWAYS_SEARCH_USER_PATHS = NO;
				CLANG_CXX_LANGUAGE_STANDARD = "gnu++0x";
				CLANG_CXX_LIBRARY = "libc++";
				CLANG_ENABLE_MODULES = YES;
				CLANG_ENABLE_OBJC_ARC = YES;
				CLANG_WARN_BOOL_CONVERSION = YES;
				CLANG_WARN_CONSTANT_CONVERSION = YES;
				CLANG_WARN_DIRECT_OBJC_ISA_USAGE = YES_ERROR;
				CLANG_WARN_EMPTY_BODY = YES;
				CLANG_WARN_ENUM_CONVERSION = YES;
				CLANG_WARN_INT_CONVERSION = YES;
				CLANG_WARN_OBJC_ROOT_CLASS = YES_ERROR;
				CLANG_WARN_UNREACHABLE_CODE = YES;
				CLANG_WARN__DUPLICATE_METHOD_MATCH = YES;
				"CODE_SIGN_IDENTITY[sdk=iphoneos*]" = "iPhone Developer";
				COPY_PHASE_STRIP = NO;
				DEBUG_INFORMATION_FORMAT = "dwarf-with-dsym";
				ENABLE_NS_ASSERTIONS = NO;
				ENABLE_STRICT_OBJC_MSGSEND = YES;
				GCC_C_LANGUAGE_STANDARD = gnu99;
				GCC_NO_COMMON_BLOCKS = YES;
				GCC_WARN_64_TO_32_BIT_CONVERSION = YES;
				GCC_WARN_ABOUT_RETURN_TYPE = YES_ERROR;
				GCC_WARN_UNDECLARED_SELECTOR = YES;
				GCC_WARN_UNINITIALIZED_AUTOS = YES_AGGRESSIVE;
				GCC_WARN_UNUSED_FUNCTION = YES;
				GCC_WARN_UNUSED_VARIABLE = YES;
				IPHONEOS_DEPLOYMENT_TARGET = 9.2;
				MTL_ENABLE_DEBUG_INFO = NO;
				SDKROOT = iphoneos;
				TARGETED_DEVICE_FAMILY = "1,2";
				VALIDATE_PRODUCT = YES;
			};
			name = Release;
		};
		F7877D401C8B3E07006FD25F /* Debug */ = {
			isa = XCBuildConfiguration;
			baseConfigurationReference = 70A42CD04AFA5AF851679C34 /* Pods-The Fitteds.debug.xcconfig */;
			buildSettings = {
				ASSETCATALOG_COMPILER_APPICON_NAME = AppIcon;
				INFOPLIST_FILE = "The Fitteds/Info.plist";
				LD_RUNPATH_SEARCH_PATHS = "$(inherited) @executable_path/Frameworks";
				PRODUCT_BUNDLE_IDENTIFIER = "com.kylenoble.prod.The-Fitteds";
				PRODUCT_NAME = "$(TARGET_NAME)";
				TARGETED_DEVICE_FAMILY = 1;
			};
			name = Debug;
		};
		F7877D411C8B3E07006FD25F /* Release */ = {
			isa = XCBuildConfiguration;
			baseConfigurationReference = DBF765A928B9DE95059C8D83 /* Pods-The Fitteds.release.xcconfig */;
			buildSettings = {
				ASSETCATALOG_COMPILER_APPICON_NAME = AppIcon;
				INFOPLIST_FILE = "The Fitteds/Info.plist";
				LD_RUNPATH_SEARCH_PATHS = "$(inherited) @executable_path/Frameworks";
				PRODUCT_BUNDLE_IDENTIFIER = "com.kylenoble.prod.The-Fitteds";
				PRODUCT_NAME = "$(TARGET_NAME)";
				TARGETED_DEVICE_FAMILY = 1;
			};
			name = Release;
		};
/* End XCBuildConfiguration section */

/* Begin XCConfigurationList section */
		F7877D261C8B3E07006FD25F /* Build configuration list for PBXProject "The Fitteds" */ = {
			isa = XCConfigurationList;
			buildConfigurations = (
				F7877D3D1C8B3E07006FD25F /* Debug */,
				F7877D3E1C8B3E07006FD25F /* Release */,
			);
			defaultConfigurationIsVisible = 0;
			defaultConfigurationName = Release;
		};
		F7877D3F1C8B3E07006FD25F /* Build configuration list for PBXNativeTarget "The Fitteds" */ = {
			isa = XCConfigurationList;
			buildConfigurations = (
				F7877D401C8B3E07006FD25F /* Debug */,
				F7877D411C8B3E07006FD25F /* Release */,
			);
			defaultConfigurationIsVisible = 0;
			defaultConfigurationName = Release;
		};
/* End XCConfigurationList section */
	};
	rootObject = F7877D231C8B3E07006FD25F /* Project object */;
}
